{
  "version": 4,
  "terraform_version": "1.7.5",
  "serial": 12,
  "lineage": "7aff4f6a-f726-dd6b-cbb0-7f68fd9b5446",
  "outputs": {
    "App_Address": {
      "value": "http://45.33.55.244:8123",
      "type": "string"
    }
  },
  "resources": [
    {
      "mode": "data",
      "type": "template_file",
      "name": "nginx_conf",
      "provider": "provider[\"registry.terraform.io/hashicorp/template\"]",
      "instances": [
        {
          "schema_version": 0,
          "attributes": {
            "filename": null,
            "id": "c20a7874df9a8a2afb38cdfa8d8731406aef5c3e74c7598c3604df89490b764d",
            "rendered": "server {\n    listen 80;\n    server_name moviemind.info;\n    return 301 https://$host$request_uri;\n}\n\nserver {\n    listen 443 ssl;\n    server_name moviemind.info;\n\n    ssl_certificate /etc/letsencrypt/live/moviemind.info/fullchain.pem;\n    ssl_certificate_key /etc/letsencrypt/live/moviemind.info/privkey.pem;\n\n    location / {\n        proxy_pass http://app:8123;\n        proxy_http_version 1.1;\n        proxy_set_header Upgrade $http_upgrade;\n        proxy_set_header Connection \"upgrade\";\n        proxy_set_header Host $host;\n        proxy_set_header X-Real-IP $remote_addr;\n        proxy_set_header X-Forwarded-For $proxy_add_x_forwarded_for;\n        proxy_set_header X-Forwarded-Proto $scheme;\n    }\n}\n",
            "template": "server {\n    listen 80;\n    server_name ${domain_name};\n    return 301 https://$host$request_uri;\n}\n\nserver {\n    listen 443 ssl;\n    server_name ${domain_name};\n\n    ssl_certificate /etc/letsencrypt/live/${domain_name}/fullchain.pem;\n    ssl_certificate_key /etc/letsencrypt/live/${domain_name}/privkey.pem;\n\n    location / {\n        proxy_pass http://app:8123;\n        proxy_http_version 1.1;\n        proxy_set_header Upgrade $http_upgrade;\n        proxy_set_header Connection \"upgrade\";\n        proxy_set_header Host $host;\n        proxy_set_header X-Real-IP $remote_addr;\n        proxy_set_header X-Forwarded-For $proxy_add_x_forwarded_for;\n        proxy_set_header X-Forwarded-Proto $scheme;\n    }\n}\n",
            "vars": {
              "domain_name": "moviemind.info"
            }
          },
          "sensitive_attributes": []
        }
      ]
    },
    {
      "mode": "managed",
      "type": "linode_instance",
      "name": "moviemind_app",
      "provider": "provider[\"registry.terraform.io/linode/linode\"]",
      "instances": [
        {
          "schema_version": 0,
          "attributes": {
            "alerts": [
              {
                "cpu": 720,
                "io": 10000,
                "network_in": 10,
                "network_out": 10,
                "transfer_quota": 80
              }
            ],
            "authorized_keys": [
              "ssh-ed25519 AAAAC3NzaC1lZDI1NTE5AAAAIJBYBA0KM09PT6YiJ69bElq/mnwBsP50023y6VSYWU2H jgdynamite2000qx@gmail.com"
            ],
            "authorized_users": null,
            "backup_id": null,
            "backups": [
              {
                "available": false,
                "enabled": false,
                "schedule": [
                  {
                    "day": "",
                    "window": ""
                  }
                ]
              }
            ],
            "backups_enabled": false,
            "boot_config_label": "My Ubuntu 23.10 Disk Profile",
            "booted": true,
            "config": [
              {
                "comments": "",
                "devices": [
                  {
                    "sda": [
                      {
                        "disk_id": 111251213,
                        "disk_label": "Ubuntu 23.10 Disk",
                        "volume_id": 0
                      }
                    ],
                    "sdb": [
                      {
                        "disk_id": 111251214,
                        "disk_label": "512 MB Swap Image",
                        "volume_id": 0
                      }
                    ],
                    "sdc": [],
                    "sdd": [],
                    "sde": [],
                    "sdf": [],
                    "sdg": [],
                    "sdh": []
                  }
                ],
                "helpers": [
                  {
                    "devtmpfs_automount": true,
                    "distro": true,
                    "modules_dep": true,
                    "network": true,
                    "updatedb_disabled": true
                  }
                ],
                "interface": [],
                "kernel": "linode/grub2",
                "label": "My Ubuntu 23.10 Disk Profile",
                "memory_limit": 0,
                "root_device": "/dev/sda",
                "run_level": "default",
                "virt_mode": "paravirt"
              }
            ],
            "disk": [
              {
                "authorized_keys": [],
                "authorized_users": [],
                "filesystem": "ext4",
                "id": 111251213,
                "image": "",
                "label": "Ubuntu 23.10 Disk",
                "read_only": false,
                "root_pass": "",
                "size": 327168,
                "stackscript_data": {},
                "stackscript_id": 0
              },
              {
                "authorized_keys": [],
                "authorized_users": [],
                "filesystem": "swap",
                "id": 111251214,
                "image": "",
                "label": "512 MB Swap Image",
                "read_only": false,
                "root_pass": "",
                "size": 512,
                "stackscript_data": {},
                "stackscript_id": 0
              }
            ],
            "group": "",
            "host_uuid": "df107429bad612d46f6d142deb24ebacd9de0023",
            "id": "56265594",
            "image": "linode/ubuntu23.10",
            "interface": [],
            "ip_address": "45.33.55.244",
            "ipv4": [
              "45.33.55.244"
            ],
            "ipv6": "2600:3c01::f03c:94ff:fef4:0202/128",
            "label": "moviemind",
            "private_ip": false,
            "private_ip_address": null,
            "region": "us-west",
            "resize_disk": false,
            "root_pass": "VVUcOqJ824Qz1wM68zMk5bKBZ65zag4KlksAP+mfJ32QF9PjKzxAyEiFkP8/kn8nRMQCZTReS1r8+lWCokMvCQ==",
            "shared_ipv4": [],
            "specs": [
              {
                "disk": 327680,
                "memory": 16384,
                "transfer": 6000,
                "vcpus": 8
              }
            ],
            "stackscript_data": null,
            "stackscript_id": null,
            "status": "running",
            "swap_size": 512,
            "tags": null,
            "timeouts": null,
            "type": "g6-dedicated-8",
            "watchdog_enabled": true
          },
          "sensitive_attributes": [
            [
              {
                "type": "get_attr",
                "value": "root_pass"
              }
            ],
            [
              {
                "type": "get_attr",
                "value": "authorized_keys"
              },
              {
                "type": "index",
                "value": {
                  "value": 0,
                  "type": "number"
                }
              }
            ]
          ],
          "private": "eyJlMmJmYjczMC1lY2FhLTExZTYtOGY4OC0zNDM2M2JjN2M0YzAiOnsiY3JlYXRlIjo2MDAwMDAwMDAwMDAsImRlbGV0ZSI6NjAwMDAwMDAwMDAwLCJ1cGRhdGUiOjEyMDAwMDAwMDAwMDB9fQ=="
        }
      ]
    },
    {
      "mode": "managed",
      "type": "local_file",
      "name": "nginx_conf_file",
      "provider": "provider[\"registry.terraform.io/hashicorp/local\"]",
      "instances": [
        {
          "index_key": 0,
          "schema_version": 0,
          "attributes": {
            "content": "server {\n    listen 80;\n    server_name moviemind.info;\n    return 301 https://$host$request_uri;\n}\n\nserver {\n    listen 443 ssl;\n    server_name moviemind.info;\n\n    ssl_certificate /etc/letsencrypt/live/moviemind.info/fullchain.pem;\n    ssl_certificate_key /etc/letsencrypt/live/moviemind.info/privkey.pem;\n\n    location / {\n        proxy_pass http://app:8123;\n        proxy_http_version 1.1;\n        proxy_set_header Upgrade $http_upgrade;\n        proxy_set_header Connection \"upgrade\";\n        proxy_set_header Host $host;\n        proxy_set_header X-Real-IP $remote_addr;\n        proxy_set_header X-Forwarded-For $proxy_add_x_forwarded_for;\n        proxy_set_header X-Forwarded-Proto $scheme;\n    }\n}\n",
            "content_base64": null,
            "content_base64sha256": "wgp4dN+aiir7OM36jYcxQGrvXD50x1mMNgTfiUkLdk0=",
            "content_base64sha512": "yGFbwsidblJDiieFpaWLcCOc4OLuh/Ke0cuT8TNtKzDuomrBsyWUUUK5AP0JX+XtGxxMTJAYgunarfPZUW1c8A==",
            "content_md5": "1d804bd248b810d5cf7106714f22e9d9",
            "content_sha1": "5a6a0a6d06d8d18b4156a2cbf027e5224487ebb2",
            "content_sha256": "c20a7874df9a8a2afb38cdfa8d8731406aef5c3e74c7598c3604df89490b764d",
            "content_sha512": "c8615bc2c89d6e52438a2785a5a58b70239ce0e2ee87f29ed1cb93f1336d2b30eea26ac1b325945142b900fd095fe5ed1b1c4c4c901882e9daadf3d9516d5cf0",
            "directory_permission": "0777",
            "file_permission": "0777",
            "filename": "./project/nginx.conf",
            "id": "5a6a0a6d06d8d18b4156a2cbf027e5224487ebb2",
            "sensitive_content": null,
            "source": null
          },
          "sensitive_attributes": [],
          "dependencies": [
            "data.template_file.nginx_conf"
          ]
        }
      ]
    },
    {
      "mode": "managed",
      "type": "null_resource",
      "name": "app_init",
      "provider": "provider[\"registry.terraform.io/hashicorp/null\"]",
      "instances": [
        {
          "status": "tainted",
          "schema_version": 0,
          "attributes": {
            "id": "6783667737917847400",
            "triggers": {
              "always_run": "2024-03-20T17:43:39Z"
            }
          },
          "sensitive_attributes": [],
          "dependencies": [
            "linode_instance.moviemind_app"
          ]
        }
      ]
    }
  ],
  "check_results": null
}
